
Microsoft Visual Studio Solution File, Format Version 12.00
# Visual Studio Version 17
VisualStudioVersion = 17.13.35931.197 d17.13
MinimumVisualStudioVersion = 10.0.40219.1
Project("{FAE04EC0-301F-11D3-BF4B-00C04F79EFBC}") = "MovieMatch", "MovieMatch\MovieMatch.csproj", "{918C3F8B-5F24-4B83-9875-7E2665D1EB8B}"
EndProject
Global
	GlobalSection(SolutionConfigurationPlatforms) = preSolution
		Debug|Any CPU = Debug|Any CPU
		Release|Any CPU = Release|Any CPU
	EndGlobalSection
	GlobalSection(ProjectConfigurationPlatforms) = postSolution
		{918C3F8B-5F24-4B83-9875-7E2665D1EB8B}.Debug|Any CPU.ActiveCfg = Debug|Any CPU
		{918C3F8B-5F24-4B83-9875-7E2665D1EB8B}.Debug|Any CPU.Build.0 = Debug|Any CPU
		{918C3F8B-5F24-4B83-9875-7E2665D1EB8B}.Release|Any CPU.ActiveCfg = Release|Any CPU
		{918C3F8B-5F24-4B83-9875-7E2665D1EB8B}.Release|Any CPU.Build.0 = Release|Any CPU
	EndGlobalSection
	GlobalSection(SolutionProperties) = preSolution
		HideSolutionNode = FALSE
	EndGlobalSection
	GlobalSection(ExtensibilityGlobals) = postSolution
		SolutionGuid = {520808A7-E9FA-4A3F-9703-EDFD98437B50}
	EndGlobalSection
EndGlobal
